
Microsoft Visual Studio Solution File, Format Version 12.00
# Visual Studio Version 17
VisualStudioVersion = 17.3.32922.545
MinimumVisualStudioVersion = 10.0.40219.1
Project("{FAE04EC0-301F-11D3-BF4B-00C04F79EFBC}") = "Universidad", "Universidad.csproj", "{1AAAF168-284C-4419-9AC7-A30F8A542FC0}"
EndProject
Global
	GlobalSection(SolutionConfigurationPlatforms) = preSolution
		Debug|Any CPU = Debug|Any CPU
		Release|Any CPU = Release|Any CPU
	EndGlobalSection
	GlobalSection(ProjectConfigurationPlatforms) = postSolution
		{1AAAF168-284C-4419-9AC7-A30F8A542FC0}.Debug|Any CPU.ActiveCfg = Debug|Any CPU
		{1AAAF168-284C-4419-9AC7-A30F8A542FC0}.Debug|Any CPU.Build.0 = Debug|Any CPU
		{1AAAF168-284C-4419-9AC7-A30F8A542FC0}.Release|Any CPU.ActiveCfg = Release|Any CPU
		{1AAAF168-284C-4419-9AC7-A30F8A542FC0}.Release|Any CPU.Build.0 = Release|Any CPU
	EndGlobalSection
	GlobalSection(SolutionProperties) = preSolution
		HideSolutionNode = FALSE
	EndGlobalSection
	GlobalSection(ExtensibilityGlobals) = postSolution
		SolutionGuid = {DA6BD97D-0660-4D3C-A54A-34743D003CEF}
	EndGlobalSection
EndGlobal
